// !$*UTF8*$!
{
	archiveVersion = 1;
	classes = {
	};
	objectVersion = 48;
	objects = {

/* Begin PBXBuildFile section */
		199112721F80C52F001AC995 /* AppDelegate.swift in Sources */ = {isa = PBXBuildFile; fileRef = 199112711F80C52F001AC995 /* AppDelegate.swift */; };
		199112741F80C52F001AC995 /* ViewController.swift in Sources */ = {isa = PBXBuildFile; fileRef = 199112731F80C52F001AC995 /* ViewController.swift */; };
		199112771F80C52F001AC995 /* Main.storyboard in Resources */ = {isa = PBXBuildFile; fileRef = 199112751F80C52F001AC995 /* Main.storyboard */; };
		199112791F80C52F001AC995 /* Assets.xcassets in Resources */ = {isa = PBXBuildFile; fileRef = 199112781F80C52F001AC995 /* Assets.xcassets */; };
		1991127C1F80C52F001AC995 /* LaunchScreen.storyboard in Resources */ = {isa = PBXBuildFile; fileRef = 1991127A1F80C52F001AC995 /* LaunchScreen.storyboard */; };
		199112871F80C530001AC995 /* CharaldTests.swift in Sources */ = {isa = PBXBuildFile; fileRef = 199112861F80C530001AC995 /* CharaldTests.swift */; };
		199112921F80C530001AC995 /* CharaldUITests.swift in Sources */ = {isa = PBXBuildFile; fileRef = 199112911F80C530001AC995 /* CharaldUITests.swift */; };
/* End PBXBuildFile section */

/* Begin PBXContainerItemProxy section */
		199112831F80C530001AC995 /* PBXContainerItemProxy */ = {
			isa = PBXContainerItemProxy;
			containerPortal = 199112661F80C52F001AC995 /* Project object */;
			proxyType = 1;
			remoteGlobalIDString = 1991126D1F80C52F001AC995;
			remoteInfo = Charald;
		};
		1991128E1F80C530001AC995 /* PBXContainerItemProxy */ = {
			isa = PBXContainerItemProxy;
			containerPortal = 199112661F80C52F001AC995 /* Project object */;
			proxyType = 1;
			remoteGlobalIDString = 1991126D1F80C52F001AC995;
			remoteInfo = Charald;
		};
/* End PBXContainerItemProxy section */

/* Begin PBXFileReference section */
		1991126E1F80C52F001AC995 /* Charald.app */ = {isa = PBXFileReference; explicitFileType = wrapper.application; includeInIndex = 0; path = Charald.app; sourceTree = BUILT_PRODUCTS_DIR; };
		199112711F80C52F001AC995 /* AppDelegate.swift */ = {isa = PBXFileReference; lastKnownFileType = sourcecode.swift; path = AppDelegate.swift; sourceTree = "<group>"; };
		199112731F80C52F001AC995 /* ViewController.swift */ = {isa = PBXFileReference; lastKnownFileType = sourcecode.swift; path = ViewController.swift; sourceTree = "<group>"; };
		199112761F80C52F001AC995 /* Base */ = {isa = PBXFileReference; lastKnownFileType = file.storyboard; name = Base; path = Base.lproj/Main.storyboard; sourceTree = "<group>"; };
		199112781F80C52F001AC995 /* Assets.xcassets */ = {isa = PBXFileReference; lastKnownFileType = folder.assetcatalog; path = Assets.xcassets; sourceTree = "<group>"; };
		1991127B1F80C52F001AC995 /* Base */ = {isa = PBXFileReference; lastKnownFileType = file.storyboard; name = Base; path = Base.lproj/LaunchScreen.storyboard; sourceTree = "<group>"; };
		1991127D1F80C52F001AC995 /* Info.plist */ = {isa = PBXFileReference; lastKnownFileType = text.plist.xml; path = Info.plist; sourceTree = "<group>"; };
		199112821F80C530001AC995 /* CharaldTests.xctest */ = {isa = PBXFileReference; explicitFileType = wrapper.cfbundle; includeInIndex = 0; path = CharaldTests.xctest; sourceTree = BUILT_PRODUCTS_DIR; };
		199112861F80C530001AC995 /* CharaldTests.swift */ = {isa = PBXFileReference; lastKnownFileType = sourcecode.swift; path = CharaldTests.swift; sourceTree = "<group>"; };
		199112881F80C530001AC995 /* Info.plist */ = {isa = PBXFileReference; lastKnownFileType = text.plist.xml; path = Info.plist; sourceTree = "<group>"; };
		1991128D1F80C530001AC995 /* CharaldUITests.xctest */ = {isa = PBXFileReference; explicitFileType = wrapper.cfbundle; includeInIndex = 0; path = CharaldUITests.xctest; sourceTree = BUILT_PRODUCTS_DIR; };
		199112911F80C530001AC995 /* CharaldUITests.swift */ = {isa = PBXFileReference; lastKnownFileType = sourcecode.swift; path = CharaldUITests.swift; sourceTree = "<group>"; };
		199112931F80C530001AC995 /* Info.plist */ = {isa = PBXFileReference; lastKnownFileType = text.plist.xml; path = Info.plist; sourceTree = "<group>"; };
/* End PBXFileReference section */

/* Begin PBXFrameworksBuildPhase section */
		1991126B1F80C52F001AC995 /* Frameworks */ = {
			isa = PBXFrameworksBuildPhase;
			buildActionMask = 2147483647;
			files = (
			);
			runOnlyForDeploymentPostprocessing = 0;
		};
		1991127F1F80C530001AC995 /* Frameworks */ = {
			isa = PBXFrameworksBuildPhase;
			buildActionMask = 2147483647;
			files = (
			);
			runOnlyForDeploymentPostprocessing = 0;
		};
		1991128A1F80C530001AC995 /* Frameworks */ = {
			isa = PBXFrameworksBuildPhase;
			buildActionMask = 2147483647;
			files = (
			);
			runOnlyForDeploymentPostprocessing = 0;
		};
/* End PBXFrameworksBuildPhase section */

/* Begin PBXGroup section */
		199112651F80C52F001AC995 = {
			isa = PBXGroup;
			children = (
				199112701F80C52F001AC995 /* Charald */,
				199112851F80C530001AC995 /* CharaldTests */,
				199112901F80C530001AC995 /* CharaldUITests */,
				1991126F1F80C52F001AC995 /* Products */,
			);
			sourceTree = "<group>";
		};
		1991126F1F80C52F001AC995 /* Products */ = {
			isa = PBXGroup;
			children = (
				1991126E1F80C52F001AC995 /* Charald.app */,
				199112821F80C530001AC995 /* CharaldTests.xctest */,
				1991128D1F80C530001AC995 /* CharaldUITests.xctest */,
			);
			name = Products;
			sourceTree = "<group>";
		};
		199112701F80C52F001AC995 /* Charald */ = {
			isa = PBXGroup;
			children = (
				199112711F80C52F001AC995 /* AppDelegate.swift */,
				199112731F80C52F001AC995 /* ViewController.swift */,
				199112751F80C52F001AC995 /* Main.storyboard */,
				199112781F80C52F001AC995 /* Assets.xcassets */,
				1991127A1F80C52F001AC995 /* LaunchScreen.storyboard */,
				1991127D1F80C52F001AC995 /* Info.plist */,
			);
			path = Charald;
			sourceTree = "<group>";
		};
		199112851F80C530001AC995 /* CharaldTests */ = {
			isa = PBXGroup;
			children = (
				199112861F80C530001AC995 /* CharaldTests.swift */,
				199112881F80C530001AC995 /* Info.plist */,
			);
			path = CharaldTests;
			sourceTree = "<group>";
		};
		199112901F80C530001AC995 /* CharaldUITests */ = {
			isa = PBXGroup;
			children = (
				199112911F80C530001AC995 /* CharaldUITests.swift */,
				199112931F80C530001AC995 /* Info.plist */,
			);
			path = CharaldUITests;
			sourceTree = "<group>";
		};
/* End PBXGroup section */

/* Begin PBXNativeTarget section */
		1991126D1F80C52F001AC995 /* Charald */ = {
			isa = PBXNativeTarget;
			buildConfigurationList = 199112961F80C530001AC995 /* Build configuration list for PBXNativeTarget "Charald" */;
			buildPhases = (
				1991126A1F80C52F001AC995 /* Sources */,
				1991126B1F80C52F001AC995 /* Frameworks */,
				1991126C1F80C52F001AC995 /* Resources */,
			);
			buildRules = (
			);
			dependencies = (
			);
			name = Charald;
			productName = Charald;
			productReference = 1991126E1F80C52F001AC995 /* Charald.app */;
			productType = "com.apple.product-type.application";
		};
		199112811F80C530001AC995 /* CharaldTests */ = {
			isa = PBXNativeTarget;
			buildConfigurationList = 199112991F80C530001AC995 /* Build configuration list for PBXNativeTarget "CharaldTests" */;
			buildPhases = (
				1991127E1F80C530001AC995 /* Sources */,
				1991127F1F80C530001AC995 /* Frameworks */,
				199112801F80C530001AC995 /* Resources */,
			);
			buildRules = (
			);
			dependencies = (
				199112841F80C530001AC995 /* PBXTargetDependency */,
			);
			name = CharaldTests;
			productName = CharaldTests;
			productReference = 199112821F80C530001AC995 /* CharaldTests.xctest */;
			productType = "com.apple.product-type.bundle.unit-test";
		};
		1991128C1F80C530001AC995 /* CharaldUITests */ = {
			isa = PBXNativeTarget;
			buildConfigurationList = 1991129C1F80C530001AC995 /* Build configuration list for PBXNativeTarget "CharaldUITests" */;
			buildPhases = (
				199112891F80C530001AC995 /* Sources */,
				1991128A1F80C530001AC995 /* Frameworks */,
				1991128B1F80C530001AC995 /* Resources */,
			);
			buildRules = (
			);
			dependencies = (
				1991128F1F80C530001AC995 /* PBXTargetDependency */,
			);
			name = CharaldUITests;
			productName = CharaldUITests;
			productReference = 1991128D1F80C530001AC995 /* CharaldUITests.xctest */;
			productType = "com.apple.product-type.bundle.ui-testing";
		};
/* End PBXNativeTarget section */

/* Begin PBXProject section */
		199112661F80C52F001AC995 /* Project object */ = {
			isa = PBXProject;
			attributes = {
				LastSwiftUpdateCheck = 0900;
				LastUpgradeCheck = 0900;
				ORGANIZATIONNAME = charald;
				TargetAttributes = {
					1991126D1F80C52F001AC995 = {
						CreatedOnToolsVersion = 9.0;
						ProvisioningStyle = Automatic;
					};
					199112811F80C530001AC995 = {
						CreatedOnToolsVersion = 9.0;
						ProvisioningStyle = Automatic;
						TestTargetID = 1991126D1F80C52F001AC995;
					};
					1991128C1F80C530001AC995 = {
						CreatedOnToolsVersion = 9.0;
						ProvisioningStyle = Automatic;
						TestTargetID = 1991126D1F80C52F001AC995;
					};
				};
			};
			buildConfigurationList = 199112691F80C52F001AC995 /* Build configuration list for PBXProject "Charald" */;
			compatibilityVersion = "Xcode 8.0";
			developmentRegion = en;
			hasScannedForEncodings = 0;
			knownRegions = (
				en,
				Base,
			);
			mainGroup = 199112651F80C52F001AC995;
			productRefGroup = 1991126F1F80C52F001AC995 /* Products */;
			projectDirPath = "";
			projectRoot = "";
			targets = (
				1991126D1F80C52F001AC995 /* Charald */,
				199112811F80C530001AC995 /* CharaldTests */,
				1991128C1F80C530001AC995 /* CharaldUITests */,
			);
		};
/* End PBXProject section */

/* Begin PBXResourcesBuildPhase section */
		1991126C1F80C52F001AC995 /* Resources */ = {
			isa = PBXResourcesBuildPhase;
			buildActionMask = 2147483647;
			files = (
				1991127C1F80C52F001AC995 /* LaunchScreen.storyboard in Resources */,
				199112791F80C52F001AC995 /* Assets.xcassets in Resources */,
				199112771F80C52F001AC995 /* Main.storyboard in Resources */,
			);
			runOnlyForDeploymentPostprocessing = 0;
		};
		199112801F80C530001AC995 /* Resources */ = {
			isa = PBXResourcesBuildPhase;
			buildActionMask = 2147483647;
			files = (
			);
			runOnlyForDeploymentPostprocessing = 0;
		};
		1991128B1F80C530001AC995 /* Resources */ = {
			isa = PBXResourcesBuildPhase;
			buildActionMask = 2147483647;
			files = (
			);
			runOnlyForDeploymentPostprocessing = 0;
		};
/* End PBXResourcesBuildPhase section */

/* Begin PBXSourcesBuildPhase section */
		1991126A1F80C52F001AC995 /* Sources */ = {
			isa = PBXSourcesBuildPhase;
			buildActionMask = 2147483647;
			files = (
				199112741F80C52F001AC995 /* ViewController.swift in Sources */,
				199112721F80C52F001AC995 /* AppDelegate.swift in Sources */,
			);
			runOnlyForDeploymentPostprocessing = 0;
		};
		1991127E1F80C530001AC995 /* Sources */ = {
			isa = PBXSourcesBuildPhase;
			buildActionMask = 2147483647;
			files = (
				199112871F80C530001AC995 /* CharaldTests.swift in Sources */,
			);
			runOnlyForDeploymentPostprocessing = 0;
		};
		199112891F80C530001AC995 /* Sources */ = {
			isa = PBXSourcesBuildPhase;
			buildActionMask = 2147483647;
			files = (
				199112921F80C530001AC995 /* CharaldUITests.swift in Sources */,
			);
			runOnlyForDeploymentPostprocessing = 0;
		};
/* End PBXSourcesBuildPhase section */

/* Begin PBXTargetDependency section */
		199112841F80C530001AC995 /* PBXTargetDependency */ = {
			isa = PBXTargetDependency;
			target = 1991126D1F80C52F001AC995 /* Charald */;
			targetProxy = 199112831F80C530001AC995 /* PBXContainerItemProxy */;
		};
		1991128F1F80C530001AC995 /* PBXTargetDependency */ = {
			isa = PBXTargetDependency;
			target = 1991126D1F80C52F001AC995 /* Charald */;
			targetProxy = 1991128E1F80C530001AC995 /* PBXContainerItemProxy */;
		};
/* End PBXTargetDependency section */

/* Begin PBXVariantGroup section */
		199112751F80C52F001AC995 /* Main.storyboard */ = {
			isa = PBXVariantGroup;
			children = (
				199112761F80C52F001AC995 /* Base */,
			);
			name = Main.storyboard;
			sourceTree = "<group>";
		};
		1991127A1F80C52F001AC995 /* LaunchScreen.storyboard */ = {
			isa = PBXVariantGroup;
			children = (
				1991127B1F80C52F001AC995 /* Base */,
			);
			name = LaunchScreen.storyboard;
			sourceTree = "<group>";
		};
/* End PBXVariantGroup section */

/* Begin XCBuildConfiguration section */
		199112941F80C530001AC995 /* Debug */ = {
			isa = XCBuildConfiguration;
			buildSettings = {
				ALWAYS_SEARCH_USER_PATHS = NO;
				CLANG_ANALYZER_NONNULL = YES;
				CLANG_ANALYZER_NUMBER_OBJECT_CONVERSION = YES_AGGRESSIVE;
				CLANG_CXX_LANGUAGE_STANDARD = "gnu++14";
				CLANG_CXX_LIBRARY = "libc++";
				CLANG_ENABLE_MODULES = YES;
				CLANG_ENABLE_OBJC_ARC = YES;
				CLANG_WARN_BLOCK_CAPTURE_AUTORELEASING = YES;
				CLANG_WARN_BOOL_CONVERSION = YES;
				CLANG_WARN_COMMA = YES;
				CLANG_WARN_CONSTANT_CONVERSION = YES;
				CLANG_WARN_DIRECT_OBJC_ISA_USAGE = YES_ERROR;
				CLANG_WARN_DOCUMENTATION_COMMENTS = YES;
				CLANG_WARN_EMPTY_BODY = YES;
				CLANG_WARN_ENUM_CONVERSION = YES;
				CLANG_WARN_INFINITE_RECURSION = YES;
				CLANG_WARN_INT_CONVERSION = YES;
				CLANG_WARN_NON_LITERAL_NULL_CONVERSION = YES;
				CLANG_WARN_OBJC_LITERAL_CONVERSION = YES;
				CLANG_WARN_OBJC_ROOT_CLASS = YES_ERROR;
				CLANG_WARN_RANGE_LOOP_ANALYSIS = YES;
				CLANG_WARN_STRICT_PROTOTYPES = YES;
				CLANG_WARN_SUSPICIOUS_MOVE = YES;
				CLANG_WARN_UNGUARDED_AVAILABILITY = YES_AGGRESSIVE;
				CLANG_WARN_UNREACHABLE_CODE = YES;
				CLANG_WARN__DUPLICATE_METHOD_MATCH = YES;
				CODE_SIGN_IDENTITY = "iPhone Developer";
				COPY_PHASE_STRIP = NO;
				DEBUG_INFORMATION_FORMAT = dwarf;
				ENABLE_STRICT_OBJC_MSGSEND = YES;
				ENABLE_TESTABILITY = YES;
				GCC_C_LANGUAGE_STANDARD = gnu11;
				GCC_DYNAMIC_NO_PIC = NO;
				GCC_NO_COMMON_BLOCKS = YES;
				GCC_OPTIMIZATION_LEVEL = 0;
				GCC_PREPROCESSOR_DEFINITIONS = (
					"DEBUG=1",
					"$(inherited)",
				);
				GCC_WARN_64_TO_32_BIT_CONVERSION = YES;
				GCC_WARN_ABOUT_RETURN_TYPE = YES_ERROR;
				GCC_WARN_UNDECLARED_SELECTOR = YES;
				GCC_WARN_UNINITIALIZED_AUTOS = YES_AGGRESSIVE;
				GCC_WARN_UNUSED_FUNCTION = YES;
				GCC_WARN_UNUSED_VARIABLE = YES;
				IPHONEOS_DEPLOYMENT_TARGET = 11.0;
				MTL_ENABLE_DEBUG_INFO = YES;
				ONLY_ACTIVE_ARCH = YES;
				SDKROOT = iphoneos;
				SWIFT_ACTIVE_COMPILATION_CONDITIONS = DEBUG;
				SWIFT_OPTIMIZATION_LEVEL = "-Onone";
			};
			name = Debug;
		};
		199112951F80C530001AC995 /* Release */ = {
			isa = XCBuildConfiguration;
			buildSettings = {
				ALWAYS_SEARCH_USER_PATHS = NO;
				CLANG_ANALYZER_NONNULL = YES;
				CLANG_ANALYZER_NUMBER_OBJECT_CONVERSION = YES_AGGRESSIVE;
				CLANG_CXX_LANGUAGE_STANDARD = "gnu++14";
				CLANG_CXX_LIBRARY = "libc++";
				CLANG_ENABLE_MODULES = YES;
				CLANG_ENABLE_OBJC_ARC = YES;
				CLANG_WARN_BLOCK_CAPTURE_AUTORELEASING = YES;
				CLANG_WARN_BOOL_CONVERSION = YES;
				CLANG_WARN_COMMA = YES;
				CLANG_WARN_CONSTANT_CONVERSION = YES;
				CLANG_WARN_DIRECT_OBJC_ISA_USAGE = YES_ERROR;
				CLANG_WARN_DOCUMENTATION_COMMENTS = YES;
				CLANG_WARN_EMPTY_BODY = YES;
				CLANG_WARN_ENUM_CONVERSION = YES;
				CLANG_WARN_INFINITE_RECURSION = YES;
				CLANG_WARN_INT_CONVERSION = YES;
				CLANG_WARN_NON_LITERAL_NULL_CONVERSION = YES;
				CLANG_WARN_OBJC_LITERAL_CONVERSION = YES;
				CLANG_WARN_OBJC_ROOT_CLASS = YES_ERROR;
				CLANG_WARN_RANGE_LOOP_ANALYSIS = YES;
				CLANG_WARN_STRICT_PROTOTYPES = YES;
				CLANG_WARN_SUSPICIOUS_MOVE = YES;
				CLANG_WARN_UNGUARDED_AVAILABILITY = YES_AGGRESSIVE;
				CLANG_WARN_UNREACHABLE_CODE = YES;
				CLANG_WARN__DUPLICATE_METHOD_MATCH = YES;
				CODE_SIGN_IDENTITY = "iPhone Developer";
				COPY_PHASE_STRIP = NO;
				DEBUG_INFORMATION_FORMAT = "dwarf-with-dsym";
				ENABLE_NS_ASSERTIONS = NO;
				ENABLE_STRICT_OBJC_MSGSEND = YES;
				GCC_C_LANGUAGE_STANDARD = gnu11;
				GCC_NO_COMMON_BLOCKS = YES;
				GCC_WARN_64_TO_32_BIT_CONVERSION = YES;
				GCC_WARN_ABOUT_RETURN_TYPE = YES_ERROR;
				GCC_WARN_UNDECLARED_SELECTOR = YES;
				GCC_WARN_UNINITIALIZED_AUTOS = YES_AGGRESSIVE;
				GCC_WARN_UNUSED_FUNCTION = YES;
				GCC_WARN_UNUSED_VARIABLE = YES;
				IPHONEOS_DEPLOYMENT_TARGET = 11.0;
				MTL_ENABLE_DEBUG_INFO = NO;
				SDKROOT = iphoneos;
				SWIFT_OPTIMIZATION_LEVEL = "-Owholemodule";
				VALIDATE_PRODUCT = YES;
			};
			name = Release;
		};
		199112971F80C530001AC995 /* Debug */ = {
			isa = XCBuildConfiguration;
			buildSettings = {
				ASSETCATALOG_COMPILER_APPICON_NAME = AppIcon;
				CODE_SIGN_STYLE = Automatic;
				DEVELOPMENT_TEAM = 4Y6UTX5WN7;
				INFOPLIST_FILE = Charald/Info.plist;
				LD_RUNPATH_SEARCH_PATHS = "$(inherited) @executable_path/Frameworks";
				PRODUCT_BUNDLE_IDENTIFIER = charald.Charald;
				PRODUCT_NAME = "$(TARGET_NAME)";
				SWIFT_VERSION = 4.0;
				TARGETED_DEVICE_FAMILY = "1,2";
			};
			name = Debug;
		};
		199112981F80C530001AC995 /* Release */ = {
			isa = XCBuildConfiguration;
			buildSettings = {
				ASSETCATALOG_COMPILER_APPICON_NAME = AppIcon;
				CODE_SIGN_STYLE = Automatic;
				DEVELOPMENT_TEAM = 4Y6UTX5WN7;
				INFOPLIST_FILE = Charald/Info.plist;
				LD_RUNPATH_SEARCH_PATHS = "$(inherited) @executable_path/Frameworks";
				PRODUCT_BUNDLE_IDENTIFIER = charald.Charald;
				PRODUCT_NAME = "$(TARGET_NAME)";
				SWIFT_VERSION = 4.0;
				TARGETED_DEVICE_FAMILY = "1,2";
			};
			name = Release;
		};
		1991129A1F80C530001AC995 /* Debug */ = {
			isa = XCBuildConfiguration;
			buildSettings = {
				ALWAYS_EMBED_SWIFT_STANDARD_LIBRARIES = YES;
				BUNDLE_LOADER = "$(TEST_HOST)";
				CODE_SIGN_STYLE = Automatic;
				DEVELOPMENT_TEAM = 4Y6UTX5WN7;
				INFOPLIST_FILE = CharaldTests/Info.plist;
				LD_RUNPATH_SEARCH_PATHS = "$(inherited) @executable_path/Frameworks @loader_path/Frameworks";
				PRODUCT_BUNDLE_IDENTIFIER = charald.CharaldTests;
				PRODUCT_NAME = "$(TARGET_NAME)";
				SWIFT_VERSION = 4.0;
				TARGETED_DEVICE_FAMILY = "1,2";
				TEST_HOST = "$(BUILT_PRODUCTS_DIR)/Charald.app/Charald";
			};
			name = Debug;
		};
		1991129B1F80C530001AC995 /* Release */ = {
			isa = XCBuildConfiguration;
			buildSettings = {
				ALWAYS_EMBED_SWIFT_STANDARD_LIBRARIES = YES;
				BUNDLE_LOADER = "$(TEST_HOST)";
				CODE_SIGN_STYLE = Automatic;
				DEVELOPMENT_TEAM = 4Y6UTX5WN7;
				INFOPLIST_FILE = CharaldTests/Info.plist;
				LD_RUNPATH_SEARCH_PATHS = "$(inherited) @executable_path/Frameworks @loader_path/Frameworks";
				PRODUCT_BUNDLE_IDENTIFIER = charald.CharaldTests;
				PRODUCT_NAME = "$(TARGET_NAME)";
				SWIFT_VERSION = 4.0;
				TARGETED_DEVICE_FAMILY = "1,2";
				TEST_HOST = "$(BUILT_PRODUCTS_DIR)/Charald.app/Charald";
			};
			name = Release;
		};
		1991129D1F80C530001AC995 /* Debug */ = {
			isa = XCBuildConfiguration;
			buildSettings = {
				ALWAYS_EMBED_SWIFT_STANDARD_LIBRARIES = YES;
				CODE_SIGN_STYLE = Automatic;
				DEVELOPMENT_TEAM = 4Y6UTX5WN7;
				INFOPLIST_FILE = CharaldUITests/Info.plist;
				LD_RUNPATH_SEARCH_PATHS = "$(inherited) @executable_path/Frameworks @loader_path/Frameworks";
				PRODUCT_BUNDLE_IDENTIFIER = charald.CharaldUITests;
				PRODUCT_NAME = "$(TARGET_NAME)";
				SWIFT_VERSION = 4.0;
				TARGETED_DEVICE_FAMILY = "1,2";
				TEST_TARGET_NAME = Charald;
			};
			name = Debug;
		};
		1991129E1F80C530001AC995 /* Release */ = {
			isa = XCBuildConfiguration;
			buildSettings = {
				ALWAYS_EMBED_SWIFT_STANDARD_LIBRARIES = YES;
				CODE_SIGN_STYLE = Automatic;
				DEVELOPMENT_TEAM = 4Y6UTX5WN7;
				INFOPLIST_FILE = CharaldUITests/Info.plist;
				LD_RUNPATH_SEARCH_PATHS = "$(inherited) @executable_path/Frameworks @loader_path/Frameworks";
				PRODUCT_BUNDLE_IDENTIFIER = charald.CharaldUITests;
				PRODUCT_NAME = "$(TARGET_NAME)";
				SWIFT_VERSION = 4.0;
				TARGETED_DEVICE_FAMILY = "1,2";
				TEST_TARGET_NAME = Charald;
			};
			name = Release;
		};
/* End XCBuildConfiguration section */

/* Begin XCConfigurationList section */
		199112691F80C52F001AC995 /* Build configuration list for PBXProject "Charald" */ = {
			isa = XCConfigurationList;
			buildConfigurations = (
				199112941F80C530001AC995 /* Debug */,
				199112951F80C530001AC995 /* Release */,
			);
			defaultConfigurationIsVisible = 0;
			defaultConfigurationName = Release;
		};
		199112961F80C530001AC995 /* Build configuration list for PBXNativeTarget "Charald" */ = {
			isa = XCConfigurationList;
			buildConfigurations = (
				199112971F80C530001AC995 /* Debug */,
				199112981F80C530001AC995 /* Release */,
			);
			defaultConfigurationIsVisible = 0;
			defaultConfigurationName = Release;
		};
		199112991F80C530001AC995 /* Build configuration list for PBXNativeTarget "CharaldTests" */ = {
			isa = XCConfigurationList;
			buildConfigurations = (
				1991129A1F80C530001AC995 /* Debug */,
				1991129B1F80C530001AC995 /* Release */,
			);
			defaultConfigurationIsVisible = 0;
			defaultConfigurationName = Release;
		};
		1991129C1F80C530001AC995 /* Build configuration list for PBXNativeTarget "CharaldUITests" */ = {
			isa = XCConfigurationList;
			buildConfigurations = (
				1991129D1F80C530001AC995 /* Debug */,
				1991129E1F80C530001AC995 /* Release */,
			);
			defaultConfigurationIsVisible = 0;
			defaultConfigurationName = Release;
		};
/* End XCConfigurationList section */
	};
	rootObject = 199112661F80C52F001AC995 /* Project object */;
}
